
Microsoft Visual Studio Solution File, Format Version 12.00
# Visual Studio Version 16
VisualStudioVersion = 16.0.33423.256
MinimumVisualStudioVersion = 10.0.40219.1
Project("{F184B08F-C81C-45F6-A57F-5ABD9991F28F}") = "test_gethub", "test_gethub\test_gethub.vbproj", "{7131BD8D-D897-4EF9-81B5-AEE6EE9D1256}"
EndProject
Global
	GlobalSection(SolutionConfigurationPlatforms) = preSolution
		Debug|Any CPU = Debug|Any CPU
		Release|Any CPU = Release|Any CPU
	EndGlobalSection
	GlobalSection(ProjectConfigurationPlatforms) = postSolution
		{7131BD8D-D897-4EF9-81B5-AEE6EE9D1256}.Debug|Any CPU.ActiveCfg = Debug|Any CPU
		{7131BD8D-D897-4EF9-81B5-AEE6EE9D1256}.Debug|Any CPU.Build.0 = Debug|Any CPU
		{7131BD8D-D897-4EF9-81B5-AEE6EE9D1256}.Release|Any CPU.ActiveCfg = Release|Any CPU
		{7131BD8D-D897-4EF9-81B5-AEE6EE9D1256}.Release|Any CPU.Build.0 = Release|Any CPU
	EndGlobalSection
	GlobalSection(SolutionProperties) = preSolution
		HideSolutionNode = FALSE
	EndGlobalSection
	GlobalSection(ExtensibilityGlobals) = postSolution
		SolutionGuid = {7E0C1E62-5400-4BE9-BF05-31DC7999B704}
	EndGlobalSection
EndGlobal
